<?xml version="1.0" encoding="utf-8"?>
<Project ToolsVersion="4.0" xmlns="http://schemas.microsoft.com/developer/msbuild/2003">
  <ItemGroup>
    <Filter Include="Common">
      <UniqueIdentifier>{c27ec417-dc16-49af-8e4c-69befba65b42}</UniqueIdentifier>
    </Filter>
    <Filter Include="Client">
      <UniqueIdentifier>{b30588e4-62d8-4cf2-bb35-df371f2821e1}</UniqueIdentifier>
    </Filter>
  </ItemGroup>
  <ItemGroup>
    <ClCompile Include="..\Common\Network.cpp">
      <Filter>Common</Filter>
    </ClCompile>
    <ClCompile Include="..\Common\Packet.cpp">
      <Filter>Common</Filter>
    </ClCompile>
    <ClCompile Include="..\Common\Timer.cpp">
      <Filter>Common</Filter>
    </ClCompile>
    <ClCompile Include="..\Common\Address.cpp">
      <Filter>Common</Filter>
    </ClCompile>
    <ClCompile Include="Client.cpp">
      <Filter>Client</Filter>
    </ClCompile>
    <ClCompile Include="ClientBase.cpp">
      <Filter>Client</Filter>
    </ClCompile>
    <ClCompile Include="main.cpp">
      <Filter>Client</Filter>
    </ClCompile>
    <ClCompile Include="..\Common\ClientInfo.cpp">
      <Filter>Common</Filter>
    </ClCompile>
  </ItemGroup>
  <ItemGroup>
    <ClInclude Include="..\Common\Timer.h">
      <Filter>Common</Filter>
    </ClInclude>
    <ClInclude Include="..\Common\Network.h">
      <Filter>Common</Filter>
    </ClInclude>
    <ClInclude Include="..\Common\Packet.h">
      <Filter>Common</Filter>
    </ClInclude>
    <ClInclude Include="..\Common\Address.h">
      <Filter>Common</Filter>
    </ClInclude>
    <ClInclude Include="..\Common\ClientInfo.h">
      <Filter>Common</Filter>
    </ClInclude>
    <ClInclude Include="Client.h">
      <Filter>Client</Filter>
    </ClInclude>
    <ClInclude Include="ClientBase.h">
      <Filter>Client</Filter>
    </ClInclude>
    <ClInclude Include="..\Common\NetworkObject.h">
      <Filter>Client</Filter>
    </ClInclude>
    <ClInclude Include="..\Common\Multicast.h">
      <Filter>Common</Filter>
    </ClInclude>
  </ItemGroup>
</Project>