
Microsoft Visual Studio Solution File, Format Version 12.00
# Visual Studio Version 16
VisualStudioVersion = 16.0.29709.97
MinimumVisualStudioVersion = 10.0.40219.1
Project("{8BC9CEB8-8B4A-11D0-8D11-00A0C91BC942}") = "Client", "Client\Client.vcxproj", "{8494042F-9E8D-4B61-BDC8-6A585B6F0990}"
EndProject
Project("{8BC9CEB8-8B4A-11D0-8D11-00A0C91BC942}") = "Server", "Server\Server.vcxproj", "{077680FA-3820-4252-BDD2-F6B557451EBA}"
EndProject
Project("{8BC9CEB8-8B4A-11D0-8D11-00A0C91BC942}") = "Network", "Network\Network.vcxproj", "{05842A6C-FAD0-4689-B925-52BE21632E5E}"
EndProject
Global
	GlobalSection(SolutionConfigurationPlatforms) = preSolution
		Debug|x64 = Debug|x64
		Debug|x86 = Debug|x86
		Release|x64 = Release|x64
		Release|x86 = Release|x86
	EndGlobalSection
	GlobalSection(ProjectConfigurationPlatforms) = postSolution
		{8494042F-9E8D-4B61-BDC8-6A585B6F0990}.Debug|x64.ActiveCfg = Debug|x64
		{8494042F-9E8D-4B61-BDC8-6A585B6F0990}.Debug|x64.Build.0 = Debug|x64
		{8494042F-9E8D-4B61-BDC8-6A585B6F0990}.Debug|x86.ActiveCfg = Debug|Win32
		{8494042F-9E8D-4B61-BDC8-6A585B6F0990}.Debug|x86.Build.0 = Debug|Win32
		{8494042F-9E8D-4B61-BDC8-6A585B6F0990}.Release|x64.ActiveCfg = Release|x64
		{8494042F-9E8D-4B61-BDC8-6A585B6F0990}.Release|x64.Build.0 = Release|x64
		{8494042F-9E8D-4B61-BDC8-6A585B6F0990}.Release|x86.ActiveCfg = Release|Win32
		{8494042F-9E8D-4B61-BDC8-6A585B6F0990}.Release|x86.Build.0 = Release|Win32
		{077680FA-3820-4252-BDD2-F6B557451EBA}.Debug|x64.ActiveCfg = Debug|x64
		{077680FA-3820-4252-BDD2-F6B557451EBA}.Debug|x64.Build.0 = Debug|x64
		{077680FA-3820-4252-BDD2-F6B557451EBA}.Debug|x86.ActiveCfg = Debug|Win32
		{077680FA-3820-4252-BDD2-F6B557451EBA}.Debug|x86.Build.0 = Debug|Win32
		{077680FA-3820-4252-BDD2-F6B557451EBA}.Release|x64.ActiveCfg = Release|x64
		{077680FA-3820-4252-BDD2-F6B557451EBA}.Release|x64.Build.0 = Release|x64
		{077680FA-3820-4252-BDD2-F6B557451EBA}.Release|x86.ActiveCfg = Release|Win32
		{077680FA-3820-4252-BDD2-F6B557451EBA}.Release|x86.Build.0 = Release|Win32
		{05842A6C-FAD0-4689-B925-52BE21632E5E}.Debug|x64.ActiveCfg = Debug|x64
		{05842A6C-FAD0-4689-B925-52BE21632E5E}.Debug|x64.Build.0 = Debug|x64
		{05842A6C-FAD0-4689-B925-52BE21632E5E}.Debug|x86.ActiveCfg = Debug|Win32
		{05842A6C-FAD0-4689-B925-52BE21632E5E}.Debug|x86.Build.0 = Debug|Win32
		{05842A6C-FAD0-4689-B925-52BE21632E5E}.Release|x64.ActiveCfg = Release|x64
		{05842A6C-FAD0-4689-B925-52BE21632E5E}.Release|x64.Build.0 = Release|x64
		{05842A6C-FAD0-4689-B925-52BE21632E5E}.Release|x86.ActiveCfg = Release|Win32
		{05842A6C-FAD0-4689-B925-52BE21632E5E}.Release|x86.Build.0 = Release|Win32
	EndGlobalSection
	GlobalSection(SolutionProperties) = preSolution
		HideSolutionNode = FALSE
	EndGlobalSection
	GlobalSection(ExtensibilityGlobals) = postSolution
		SolutionGuid = {82F3ED46-43E8-43BC-B78F-D026AA357EC7}
	EndGlobalSection
EndGlobal
